PODS:
  - BlocksKit (2.2.5):
    - BlocksKit/All (= 2.2.5)
  - BlocksKit/All (2.2.5):
    - BlocksKit/Core
    - BlocksKit/DynamicDelegate
    - BlocksKit/MessageUI
    - BlocksKit/UIKit
  - BlocksKit/Core (2.2.5)
  - BlocksKit/DynamicDelegate (2.2.5)
  - BlocksKit/MessageUI (2.2.5):
    - BlocksKit/Core
    - BlocksKit/DynamicDelegate
  - BlocksKit/UIKit (2.2.5):
    - BlocksKit/Core
    - BlocksKit/DynamicDelegate
  - Crashlytics (3.7.2):
    - Fabric (~> 1.6.3)
  - Fabric (1.6.7)
  - FlatUIKit (1.6)
  - GRMustache (6.9.2):
    - JRSwizzle (~> 1.0)
  - InAppSettingsKit (2.0)
  - JRSwizzle (1.0)
  - MBProgressHUD (0.9.1)
  - MZAppearance (1.1.3)
  - MZFormSheetController (2.4.2):
    - MZAppearance (~> 1.1.3)
    - MZFormSheetController/Core (= 2.4.2)
  - MZFormSheetController/Core (2.4.2):
    - MZAppearance (~> 1.1.3)
  - SDWebImage (3.7.1):
    - SDWebImage/Core (= 3.7.1)
  - SDWebImage/Core (3.7.1)
  - SFHFKeychainUtils (0.0.1)
  - SVPullToRefresh (0.4.1)
  - TMCache (1.2.3)
  - WZActivityIndicatorView (0.1)
  - WZGarapon (0.0.1)
  - WZYAVPlayer (0.1.1):
    - WZYAVPlayer/Player (= 0.1.1)
  - WZYAVPlayer/AirPlay (0.1.1)
  - WZYAVPlayer/Core (0.1.1):
    - BlocksKit/UIKit (~> 2.0)
    - MBProgressHUD
    - WZYPlayerSlider
  - WZYAVPlayer/Player (0.1.1):
    - WZYAVPlayer/AirPlay
    - WZYAVPlayer/Core
  - WZYPlayerSlider (0.1.3)

DEPENDENCIES:
  - BlocksKit (= 2.2.5)
  - Crashlytics
  - Fabric
  - FlatUIKit (= 1.6)
  - GRMustache (= 6.9.2)
  - InAppSettingsKit (= 2.0)
  - MBProgressHUD (= 0.9.1)
  - MZFormSheetController (= 2.4.2)
  - SDWebImage (= 3.7.1)
  - SFHFKeychainUtils (= 0.0.1)
  - SVPullToRefresh (= 0.4.1)
  - TMCache (= 1.2.3)
  - WZActivityIndicatorView (from `https://github.com/makotokw/CocoaWZActivityIndicatorView.git`, commit `e8e8146365ce90328c9941eb7a7e49faef610b8b`)
  - WZGarapon (from `https://github.com/makotokw/CocoaWZYGarapon.git`, commit `edb7131df2d7c381b299c71b08b6767b099f83d1`)
  - WZYAVPlayer (from `https://github.com/makotokw/CocoaWZYAVPlayer.git`, commit `03fadf204d76b3ebbc4f020d35f3023ba8d7334e`)
  - WZYPlayerSlider (from `https://github.com/makotokw/CocoaWZYPlayerSlider.git`, commit `7581f56230cc289a3b09ff1c48e46265fec28df4`)

EXTERNAL SOURCES:
  WZActivityIndicatorView:
    :commit: e8e8146365ce90328c9941eb7a7e49faef610b8b
    :git: https://github.com/makotokw/CocoaWZActivityIndicatorView.git
  WZGarapon:
    :commit: edb7131df2d7c381b299c71b08b6767b099f83d1
    :git: https://github.com/makotokw/CocoaWZYGarapon.git
  WZYAVPlayer:
    :commit: 03fadf204d76b3ebbc4f020d35f3023ba8d7334e
    :git: https://github.com/makotokw/CocoaWZYAVPlayer.git
  WZYPlayerSlider:
    :commit: 7581f56230cc289a3b09ff1c48e46265fec28df4
    :git: https://github.com/makotokw/CocoaWZYPlayerSlider.git

CHECKOUT OPTIONS:
  WZActivityIndicatorView:
    :commit: e8e8146365ce90328c9941eb7a7e49faef610b8b
    :git: https://github.com/makotokw/CocoaWZActivityIndicatorView.git
  WZGarapon:
    :commit: edb7131df2d7c381b299c71b08b6767b099f83d1
    :git: https://github.com/makotokw/CocoaWZYGarapon.git
  WZYAVPlayer:
    :commit: 03fadf204d76b3ebbc4f020d35f3023ba8d7334e
    :git: https://github.com/makotokw/CocoaWZYAVPlayer.git
  WZYPlayerSlider:
    :commit: 7581f56230cc289a3b09ff1c48e46265fec28df4
    :git: https://github.com/makotokw/CocoaWZYPlayerSlider.git

SPEC CHECKSUMS:
  BlocksKit: 7f422b971407001178d181a43b99014ea2591fe6
  Crashlytics: 130ab943f8c78cda7a814b434f270b2e2c8a3cba
  Fabric: caf7580c725e64db144f610ac65cd60956911dc7
  FlatUIKit: a59c93fe2fde5329dfb71dd9317b1b0386d6a178
  GRMustache: 36b743e4f0925409ef57ccc36cbdffeb085508c7
  InAppSettingsKit: 68fc2d5d2c01643dc6d797c2967f6014b815b333
  JRSwizzle: dd5ead5d913a0f29e7f558200165849f006bb1e3
  MBProgressHUD: c47f2c166c126cf2ce36498d80f33e754d4e93ad
  MZAppearance: c2937318234fd782e900fb178942278881ac5490
  MZFormSheetController: d7264c84b1cbd1663fac29fdd8d4b3521a34bd5f
  SDWebImage: ed3095af2ff88b436426037444979b917f6c5575
  SFHFKeychainUtils: 9576b411a79a058f4d5381ace6f3242b9a62e664
  SVPullToRefresh: ba2e718695a43253d8bea6852d2960097dc15d8c
  TMCache: 5f68bc38d741aa8df4c63131b847522783665d81
  WZActivityIndicatorView: 2e30bf82688fdc78e7ee0e6f1de457727071dddd
  WZGarapon: ba82fb7a36b8d702d0263c73ab33ac4d921a9df1
  WZYAVPlayer: 444fa7ab49e6d9aec3c75cf7da2af1da333a5f24
  WZYPlayerSlider: 79b7221037fb5051442f5dcc1b1966f62176a01c

PODFILE CHECKSUM: 186f5d6732d3ca4df44af851527aa40b1a6323dd

COCOAPODS: 1.0.1
